// !$*UTF8*$!
{
	archiveVersion = 1;
	classes = {
	};
	objectVersion = 56;
	objects = {

/* Begin PBXBuildFile section */
		4FB5770F2A670CD600117296 /* TaroFit_aiApp.swift in Sources */ = {isa = PBXBuildFile; fileRef = 4FB5770E2A670CD600117296 /* TaroFit_aiApp.swift */; };
		4FB577112A670CD600117296 /* ContentView.swift in Sources */ = {isa = PBXBuildFile; fileRef = 4FB577102A670CD600117296 /* ContentView.swift */; };
		4FB577132A670CD800117296 /* Assets.xcassets in Resources */ = {isa = PBXBuildFile; fileRef = 4FB577122A670CD800117296 /* Assets.xcassets */; };
		4FB577162A670CD800117296 /* Preview Assets.xcassets in Resources */ = {isa = PBXBuildFile; fileRef = 4FB577152A670CD800117296 /* Preview Assets.xcassets */; };
		4FB5771E2A670CF900117296 /* HomeView.swift in Sources */ = {isa = PBXBuildFile; fileRef = 4FB5771D2A670CF900117296 /* HomeView.swift */; };
		4FB577222A67100D00117296 /* ProfilePicView.swift in Sources */ = {isa = PBXBuildFile; fileRef = 4FB577212A67100D00117296 /* ProfilePicView.swift */; };
		4FB577252A6710EE00117296 /* HeaderButton.swift in Sources */ = {isa = PBXBuildFile; fileRef = 4FB577242A6710EE00117296 /* HeaderButton.swift */; };
		4FB577272A67122900117296 /* HeaderText.swift in Sources */ = {isa = PBXBuildFile; fileRef = 4FB577262A67122900117296 /* HeaderText.swift */; };
		4FB577292A67380D00117296 /* BackgroundView.swift in Sources */ = {isa = PBXBuildFile; fileRef = 4FB577282A67380D00117296 /* BackgroundView.swift */; };
		4FB5772B2A673D4500117296 /* SubHeaderText.swift in Sources */ = {isa = PBXBuildFile; fileRef = 4FB5772A2A673D4500117296 /* SubHeaderText.swift */; };
		4FB577332A67570500117296 /* FooterView.swift in Sources */ = {isa = PBXBuildFile; fileRef = 4FB577322A67570500117296 /* FooterView.swift */; };
		4FB577352A67C94700117296 /* ToolsView.swift in Sources */ = {isa = PBXBuildFile; fileRef = 4FB577342A67C94600117296 /* ToolsView.swift */; };
/* End PBXBuildFile section */

/* Begin PBXFileReference section */
		4FB5770B2A670CD600117296 /* TaroFit.ai.app */ = {isa = PBXFileReference; explicitFileType = wrapper.application; includeInIndex = 0; path = TaroFit.ai.app; sourceTree = BUILT_PRODUCTS_DIR; };
		4FB5770E2A670CD600117296 /* TaroFit_aiApp.swift */ = {isa = PBXFileReference; lastKnownFileType = sourcecode.swift; path = TaroFit_aiApp.swift; sourceTree = "<group>"; };
		4FB577102A670CD600117296 /* ContentView.swift */ = {isa = PBXFileReference; lastKnownFileType = sourcecode.swift; path = ContentView.swift; sourceTree = "<group>"; };
		4FB577122A670CD800117296 /* Assets.xcassets */ = {isa = PBXFileReference; lastKnownFileType = folder.assetcatalog; path = Assets.xcassets; sourceTree = "<group>"; };
		4FB577152A670CD800117296 /* Preview Assets.xcassets */ = {isa = PBXFileReference; lastKnownFileType = folder.assetcatalog; path = "Preview Assets.xcassets"; sourceTree = "<group>"; };
		4FB5771D2A670CF900117296 /* HomeView.swift */ = {isa = PBXFileReference; lastKnownFileType = sourcecode.swift; path = HomeView.swift; sourceTree = "<group>"; };
		4FB577212A67100D00117296 /* ProfilePicView.swift */ = {isa = PBXFileReference; lastKnownFileType = sourcecode.swift; path = ProfilePicView.swift; sourceTree = "<group>"; };
		4FB577242A6710EE00117296 /* HeaderButton.swift */ = {isa = PBXFileReference; lastKnownFileType = sourcecode.swift; path = HeaderButton.swift; sourceTree = "<group>"; };
		4FB577262A67122900117296 /* HeaderText.swift */ = {isa = PBXFileReference; lastKnownFileType = sourcecode.swift; path = HeaderText.swift; sourceTree = "<group>"; };
		4FB577282A67380D00117296 /* BackgroundView.swift */ = {isa = PBXFileReference; lastKnownFileType = sourcecode.swift; path = BackgroundView.swift; sourceTree = "<group>"; };
		4FB5772A2A673D4500117296 /* SubHeaderText.swift */ = {isa = PBXFileReference; lastKnownFileType = sourcecode.swift; path = SubHeaderText.swift; sourceTree = "<group>"; };
		4FB577322A67570500117296 /* FooterView.swift */ = {isa = PBXFileReference; lastKnownFileType = sourcecode.swift; path = FooterView.swift; sourceTree = "<group>"; };
		4FB577342A67C94600117296 /* ToolsView.swift */ = {isa = PBXFileReference; lastKnownFileType = sourcecode.swift; path = ToolsView.swift; sourceTree = "<group>"; };
/* End PBXFileReference section */

/* Begin PBXFrameworksBuildPhase section */
		4FB577082A670CD600117296 /* Frameworks */ = {
			isa = PBXFrameworksBuildPhase;
			buildActionMask = 2147483647;
			files = (
			);
			runOnlyForDeploymentPostprocessing = 0;
		};
/* End PBXFrameworksBuildPhase section */

/* Begin PBXGroup section */
		4FB577022A670CD600117296 = {
			isa = PBXGroup;
			children = (
				4FB5770D2A670CD600117296 /* TaroFit.ai */,
				4FB5770C2A670CD600117296 /* Products */,
			);
			sourceTree = "<group>";
		};
		4FB5770C2A670CD600117296 /* Products */ = {
			isa = PBXGroup;
			children = (
				4FB5770B2A670CD600117296 /* TaroFit.ai.app */,
			);
			name = Products;
			sourceTree = "<group>";
		};
		4FB5770D2A670CD600117296 /* TaroFit.ai */ = {
			isa = PBXGroup;
			children = (
				4FB5770E2A670CD600117296 /* TaroFit_aiApp.swift */,
				4FB577102A670CD600117296 /* ContentView.swift */,
				4FB5771F2A670CFC00117296 /* Views */,
				4FB577122A670CD800117296 /* Assets.xcassets */,
				4FB577142A670CD800117296 /* Preview Content */,
			);
			path = TaroFit.ai;
			sourceTree = "<group>";
		};
		4FB577142A670CD800117296 /* Preview Content */ = {
			isa = PBXGroup;
			children = (
				4FB577152A670CD800117296 /* Preview Assets.xcassets */,
			);
			path = "Preview Content";
			sourceTree = "<group>";
		};
		4FB5771F2A670CFC00117296 /* Views */ = {
			isa = PBXGroup;
			children = (
				4FB5771D2A670CF900117296 /* HomeView.swift */,
				4FB577342A67C94600117296 /* ToolsView.swift */,
				4FB577232A6710D400117296 /* Modifiers */,
				4FB577202A670FF300117296 /* Components */,
			);
			path = Views;
			sourceTree = "<group>";
		};
		4FB577202A670FF300117296 /* Components */ = {
			isa = PBXGroup;
			children = (
				4FB577212A67100D00117296 /* ProfilePicView.swift */,
				4FB577282A67380D00117296 /* BackgroundView.swift */,
				4FB577322A67570500117296 /* FooterView.swift */,
			);
			path = Components;
			sourceTree = "<group>";
		};
		4FB577232A6710D400117296 /* Modifiers */ = {
			isa = PBXGroup;
			children = (
				4FB577242A6710EE00117296 /* HeaderButton.swift */,
				4FB577262A67122900117296 /* HeaderText.swift */,
				4FB5772A2A673D4500117296 /* SubHeaderText.swift */,
			);
			path = Modifiers;
			sourceTree = "<group>";
		};
/* End PBXGroup section */

/* Begin PBXNativeTarget section */
		4FB5770A2A670CD600117296 /* TaroFit.ai */ = {
			isa = PBXNativeTarget;
			buildConfigurationList = 4FB577192A670CD800117296 /* Build configuration list for PBXNativeTarget "TaroFit.ai" */;
			buildPhases = (
				4FB577072A670CD600117296 /* Sources */,
				4FB577082A670CD600117296 /* Frameworks */,
				4FB577092A670CD600117296 /* Resources */,
			);
			buildRules = (
			);
			dependencies = (
			);
			name = TaroFit.ai;
			productName = TaroFit.ai;
			productReference = 4FB5770B2A670CD600117296 /* TaroFit.ai.app */;
			productType = "com.apple.product-type.application";
		};
/* End PBXNativeTarget section */

/* Begin PBXProject section */
		4FB577032A670CD600117296 /* Project object */ = {
			isa = PBXProject;
			attributes = {
				BuildIndependentTargetsInParallel = 1;
				LastSwiftUpdateCheck = 1430;
				LastUpgradeCheck = 1430;
				TargetAttributes = {
					4FB5770A2A670CD600117296 = {
						CreatedOnToolsVersion = 14.3.1;
					};
				};
			};
			buildConfigurationList = 4FB577062A670CD600117296 /* Build configuration list for PBXProject "TaroFit.ai" */;
			compatibilityVersion = "Xcode 14.0";
			developmentRegion = en;
			hasScannedForEncodings = 0;
			knownRegions = (
				en,
				Base,
			);
			mainGroup = 4FB577022A670CD600117296;
			productRefGroup = 4FB5770C2A670CD600117296 /* Products */;
			projectDirPath = "";
			projectRoot = "";
			targets = (
				4FB5770A2A670CD600117296 /* TaroFit.ai */,
			);
		};
/* End PBXProject section */

/* Begin PBXResourcesBuildPhase section */
		4FB577092A670CD600117296 /* Resources */ = {
			isa = PBXResourcesBuildPhase;
			buildActionMask = 2147483647;
			files = (
				4FB577162A670CD800117296 /* Preview Assets.xcassets in Resources */,
				4FB577132A670CD800117296 /* Assets.xcassets in Resources */,
			);
			runOnlyForDeploymentPostprocessing = 0;
		};
/* End PBXResourcesBuildPhase section */

/* Begin PBXSourcesBuildPhase section */
		4FB577072A670CD600117296 /* Sources */ = {
			isa = PBXSourcesBuildPhase;
			buildActionMask = 2147483647;
			files = (
				4FB5771E2A670CF900117296 /* HomeView.swift in Sources */,
				4FB577332A67570500117296 /* FooterView.swift in Sources */,
				4FB577112A670CD600117296 /* ContentView.swift in Sources */,
				4FB5770F2A670CD600117296 /* TaroFit_aiApp.swift in Sources */,
				4FB577352A67C94700117296 /* ToolsView.swift in Sources */,
				4FB577292A67380D00117296 /* BackgroundView.swift in Sources */,
				4FB577222A67100D00117296 /* ProfilePicView.swift in Sources */,
				4FB577252A6710EE00117296 /* HeaderButton.swift in Sources */,
				4FB5772B2A673D4500117296 /* SubHeaderText.swift in Sources */,
				4FB577272A67122900117296 /* HeaderText.swift in Sources */,
			);
			runOnlyForDeploymentPostprocessing = 0;
		};
/* End PBXSourcesBuildPhase section */

/* Begin XCBuildConfiguration section */
		4FB577172A670CD800117296 /* Debug */ = {
			isa = XCBuildConfiguration;
			buildSettings = {
				ALWAYS_SEARCH_USER_PATHS = NO;
				CLANG_ANALYZER_NONNULL = YES;
				CLANG_ANALYZER_NUMBER_OBJECT_CONVERSION = YES_AGGRESSIVE;
				CLANG_CXX_LANGUAGE_STANDARD = "gnu++20";
				CLANG_ENABLE_MODULES = YES;
				CLANG_ENABLE_OBJC_ARC = YES;
				CLANG_ENABLE_OBJC_WEAK = YES;
				CLANG_WARN_BLOCK_CAPTURE_AUTORELEASING = YES;
				CLANG_WARN_BOOL_CONVERSION = YES;
				CLANG_WARN_COMMA = YES;
				CLANG_WARN_CONSTANT_CONVERSION = YES;
				CLANG_WARN_DEPRECATED_OBJC_IMPLEMENTATIONS = YES;
				CLANG_WARN_DIRECT_OBJC_ISA_USAGE = YES_ERROR;
				CLANG_WARN_DOCUMENTATION_COMMENTS = YES;
				CLANG_WARN_EMPTY_BODY = YES;
				CLANG_WARN_ENUM_CONVERSION = YES;
				CLANG_WARN_INFINITE_RECURSION = YES;
				CLANG_WARN_INT_CONVERSION = YES;
				CLANG_WARN_NON_LITERAL_NULL_CONVERSION = YES;
				CLANG_WARN_OBJC_IMPLICIT_RETAIN_SELF = YES;
				CLANG_WARN_OBJC_LITERAL_CONVERSION = YES;
				CLANG_WARN_OBJC_ROOT_CLASS = YES_ERROR;
				CLANG_WARN_QUOTED_INCLUDE_IN_FRAMEWORK_HEADER = YES;
				CLANG_WARN_RANGE_LOOP_ANALYSIS = YES;
				CLANG_WARN_STRICT_PROTOTYPES = YES;
				CLANG_WARN_SUSPICIOUS_MOVE = YES;
				CLANG_WARN_UNGUARDED_AVAILABILITY = YES_AGGRESSIVE;
				CLANG_WARN_UNREACHABLE_CODE = YES;
				CLANG_WARN__DUPLICATE_METHOD_MATCH = YES;
				COPY_PHASE_STRIP = NO;
				DEBUG_INFORMATION_FORMAT = dwarf;
				ENABLE_STRICT_OBJC_MSGSEND = YES;
				ENABLE_TESTABILITY = YES;
				GCC_C_LANGUAGE_STANDARD = gnu11;
				GCC_DYNAMIC_NO_PIC = NO;
				GCC_NO_COMMON_BLOCKS = YES;
				GCC_OPTIMIZATION_LEVEL = 0;
				GCC_PREPROCESSOR_DEFINITIONS = (
					"DEBUG=1",
					"$(inherited)",
				);
				GCC_WARN_64_TO_32_BIT_CONVERSION = YES;
				GCC_WARN_ABOUT_RETURN_TYPE = YES_ERROR;
				GCC_WARN_UNDECLARED_SELECTOR = YES;
				GCC_WARN_UNINITIALIZED_AUTOS = YES_AGGRESSIVE;
				GCC_WARN_UNUSED_FUNCTION = YES;
				GCC_WARN_UNUSED_VARIABLE = YES;
				IPHONEOS_DEPLOYMENT_TARGET = 16.4;
				MTL_ENABLE_DEBUG_INFO = INCLUDE_SOURCE;
				MTL_FAST_MATH = YES;
				ONLY_ACTIVE_ARCH = YES;
				SDKROOT = iphoneos;
				SWIFT_ACTIVE_COMPILATION_CONDITIONS = DEBUG;
				SWIFT_OPTIMIZATION_LEVEL = "-Onone";
			};
			name = Debug;
		};
		4FB577182A670CD800117296 /* Release */ = {
			isa = XCBuildConfiguration;
			buildSettings = {
				ALWAYS_SEARCH_USER_PATHS = NO;
				CLANG_ANALYZER_NONNULL = YES;
				CLANG_ANALYZER_NUMBER_OBJECT_CONVERSION = YES_AGGRESSIVE;
				CLANG_CXX_LANGUAGE_STANDARD = "gnu++20";
				CLANG_ENABLE_MODULES = YES;
				CLANG_ENABLE_OBJC_ARC = YES;
				CLANG_ENABLE_OBJC_WEAK = YES;
				CLANG_WARN_BLOCK_CAPTURE_AUTORELEASING = YES;
				CLANG_WARN_BOOL_CONVERSION = YES;
				CLANG_WARN_COMMA = YES;
				CLANG_WARN_CONSTANT_CONVERSION = YES;
				CLANG_WARN_DEPRECATED_OBJC_IMPLEMENTATIONS = YES;
				CLANG_WARN_DIRECT_OBJC_ISA_USAGE = YES_ERROR;
				CLANG_WARN_DOCUMENTATION_COMMENTS = YES;
				CLANG_WARN_EMPTY_BODY = YES;
				CLANG_WARN_ENUM_CONVERSION = YES;
				CLANG_WARN_INFINITE_RECURSION = YES;
				CLANG_WARN_INT_CONVERSION = YES;
				CLANG_WARN_NON_LITERAL_NULL_CONVERSION = YES;
				CLANG_WARN_OBJC_IMPLICIT_RETAIN_SELF = YES;
				CLANG_WARN_OBJC_LITERAL_CONVERSION = YES;
				CLANG_WARN_OBJC_ROOT_CLASS = YES_ERROR;
				CLANG_WARN_QUOTED_INCLUDE_IN_FRAMEWORK_HEADER = YES;
				CLANG_WARN_RANGE_LOOP_ANALYSIS = YES;
				CLANG_WARN_STRICT_PROTOTYPES = YES;
				CLANG_WARN_SUSPICIOUS_MOVE = YES;
				CLANG_WARN_UNGUARDED_AVAILABILITY = YES_AGGRESSIVE;
				CLANG_WARN_UNREACHABLE_CODE = YES;
				CLANG_WARN__DUPLICATE_METHOD_MATCH = YES;
				COPY_PHASE_STRIP = NO;
				DEBUG_INFORMATION_FORMAT = "dwarf-with-dsym";
				ENABLE_NS_ASSERTIONS = NO;
				ENABLE_STRICT_OBJC_MSGSEND = YES;
				GCC_C_LANGUAGE_STANDARD = gnu11;
				GCC_NO_COMMON_BLOCKS = YES;
				GCC_WARN_64_TO_32_BIT_CONVERSION = YES;
				GCC_WARN_ABOUT_RETURN_TYPE = YES_ERROR;
				GCC_WARN_UNDECLARED_SELECTOR = YES;
				GCC_WARN_UNINITIALIZED_AUTOS = YES_AGGRESSIVE;
				GCC_WARN_UNUSED_FUNCTION = YES;
				GCC_WARN_UNUSED_VARIABLE = YES;
				IPHONEOS_DEPLOYMENT_TARGET = 16.4;
				MTL_ENABLE_DEBUG_INFO = NO;
				MTL_FAST_MATH = YES;
				SDKROOT = iphoneos;
				SWIFT_COMPILATION_MODE = wholemodule;
				SWIFT_OPTIMIZATION_LEVEL = "-O";
				VALIDATE_PRODUCT = YES;
			};
			name = Release;
		};
		4FB5771A2A670CD800117296 /* Debug */ = {
			isa = XCBuildConfiguration;
			buildSettings = {
				ASSETCATALOG_COMPILER_APPICON_NAME = AppIcon;
				ASSETCATALOG_COMPILER_GLOBAL_ACCENT_COLOR_NAME = AccentColor;
				CODE_SIGN_STYLE = Automatic;
				CURRENT_PROJECT_VERSION = 1;
				DEVELOPMENT_ASSET_PATHS = "\"TaroFit.ai/Preview Content\"";
				DEVELOPMENT_TEAM = DRK79MG3EB;
				ENABLE_PREVIEWS = YES;
				GENERATE_INFOPLIST_FILE = YES;
				INFOPLIST_KEY_UIApplicationSceneManifest_Generation = YES;
				INFOPLIST_KEY_UIApplicationSupportsIndirectInputEvents = YES;
				INFOPLIST_KEY_UILaunchScreen_Generation = YES;
				INFOPLIST_KEY_UISupportedInterfaceOrientations_iPad = "UIInterfaceOrientationPortrait UIInterfaceOrientationPortraitUpsideDown UIInterfaceOrientationLandscapeLeft UIInterfaceOrientationLandscapeRight";
				INFOPLIST_KEY_UISupportedInterfaceOrientations_iPhone = "UIInterfaceOrientationPortrait UIInterfaceOrientationLandscapeLeft UIInterfaceOrientationLandscapeRight";
				LD_RUNPATH_SEARCH_PATHS = (
					"$(inherited)",
					"@executable_path/Frameworks",
				);
				MARKETING_VERSION = 1.0;
				PRODUCT_BUNDLE_IDENTIFIER = "kumar.rohan.TaroFit-ai";
				PRODUCT_NAME = "$(TARGET_NAME)";
				SWIFT_EMIT_LOC_STRINGS = YES;
				SWIFT_VERSION = 5.0;
				TARGETED_DEVICE_FAMILY = "1,2";
			};
			name = Debug;
		};
		4FB5771B2A670CD800117296 /* Release */ = {
			isa = XCBuildConfiguration;
			buildSettings = {
				ASSETCATALOG_COMPILER_APPICON_NAME = AppIcon;
				ASSETCATALOG_COMPILER_GLOBAL_ACCENT_COLOR_NAME = AccentColor;
				CODE_SIGN_STYLE = Automatic;
				CURRENT_PROJECT_VERSION = 1;
				DEVELOPMENT_ASSET_PATHS = "\"TaroFit.ai/Preview Content\"";
				DEVELOPMENT_TEAM = DRK79MG3EB;
				ENABLE_PREVIEWS = YES;
				GENERATE_INFOPLIST_FILE = YES;
				INFOPLIST_KEY_UIApplicationSceneManifest_Generation = YES;
				INFOPLIST_KEY_UIApplicationSupportsIndirectInputEvents = YES;
				INFOPLIST_KEY_UILaunchScreen_Generation = YES;
				INFOPLIST_KEY_UISupportedInterfaceOrientations_iPad = "UIInterfaceOrientationPortrait UIInterfaceOrientationPortraitUpsideDown UIInterfaceOrientationLandscapeLeft UIInterfaceOrientationLandscapeRight";
				INFOPLIST_KEY_UISupportedInterfaceOrientations_iPhone = "UIInterfaceOrientationPortrait UIInterfaceOrientationLandscapeLeft UIInterfaceOrientationLandscapeRight";
				LD_RUNPATH_SEARCH_PATHS = (
					"$(inherited)",
					"@executable_path/Frameworks",
				);
				MARKETING_VERSION = 1.0;
				PRODUCT_BUNDLE_IDENTIFIER = "kumar.rohan.TaroFit-ai";
				PRODUCT_NAME = "$(TARGET_NAME)";
				SWIFT_EMIT_LOC_STRINGS = YES;
				SWIFT_VERSION = 5.0;
				TARGETED_DEVICE_FAMILY = "1,2";
			};
			name = Release;
		};
/* End XCBuildConfiguration section */

/* Begin XCConfigurationList section */
		4FB577062A670CD600117296 /* Build configuration list for PBXProject "TaroFit.ai" */ = {
			isa = XCConfigurationList;
			buildConfigurations = (
				4FB577172A670CD800117296 /* Debug */,
				4FB577182A670CD800117296 /* Release */,
			);
			defaultConfigurationIsVisible = 0;
			defaultConfigurationName = Release;
		};
		4FB577192A670CD800117296 /* Build configuration list for PBXNativeTarget "TaroFit.ai" */ = {
			isa = XCConfigurationList;
			buildConfigurations = (
				4FB5771A2A670CD800117296 /* Debug */,
				4FB5771B2A670CD800117296 /* Release */,
			);
			defaultConfigurationIsVisible = 0;
			defaultConfigurationName = Release;
		};
/* End XCConfigurationList section */
	};
	rootObject = 4FB577032A670CD600117296 /* Project object */;
}
